
Microsoft Visual Studio Solution File, Format Version 12.00
# Visual Studio 15
VisualStudioVersion = 15.0.28010.2003
MinimumVisualStudioVersion = 10.0.40219.1
Project("{FAE04EC0-301F-11D3-BF4B-00C04F79EFBC}") = "PruebaGIT", "PruebaGIT\PruebaGIT.csproj", "{CEB0B0F6-971E-40DD-9484-47ECBFB57D3D}"
EndProject
Global
	GlobalSection(SolutionConfigurationPlatforms) = preSolution
		Debug|Any CPU = Debug|Any CPU
		Release|Any CPU = Release|Any CPU
	EndGlobalSection
	GlobalSection(ProjectConfigurationPlatforms) = postSolution
		{CEB0B0F6-971E-40DD-9484-47ECBFB57D3D}.Debug|Any CPU.ActiveCfg = Debug|Any CPU
		{CEB0B0F6-971E-40DD-9484-47ECBFB57D3D}.Debug|Any CPU.Build.0 = Debug|Any CPU
		{CEB0B0F6-971E-40DD-9484-47ECBFB57D3D}.Release|Any CPU.ActiveCfg = Release|Any CPU
		{CEB0B0F6-971E-40DD-9484-47ECBFB57D3D}.Release|Any CPU.Build.0 = Release|Any CPU
	EndGlobalSection
	GlobalSection(SolutionProperties) = preSolution
		HideSolutionNode = FALSE
	EndGlobalSection
	GlobalSection(ExtensibilityGlobals) = postSolution
		SolutionGuid = {7A97AA7C-33E3-425D-A7F5-2ECA06C58173}
	EndGlobalSection
EndGlobal
